
Microsoft Visual Studio Solution File, Format Version 10.00
# Visual Studio 2008
Project("{8BC9CEB8-8B4A-11D0-8D11-00A0C91BC942}") = "T02ARROW", "T02ARROW.vcproj", "{4F2075BE-8EE6-4031-87E6-4EC6CDCE6E1A}"
EndProject
Global
	GlobalSection(SolutionConfigurationPlatforms) = preSolution
		Debug|Win32 = Debug|Win32
		Release|Win32 = Release|Win32
	EndGlobalSection
	GlobalSection(ProjectConfigurationPlatforms) = postSolution
		{4F2075BE-8EE6-4031-87E6-4EC6CDCE6E1A}.Debug|Win32.ActiveCfg = Debug|Win32
		{4F2075BE-8EE6-4031-87E6-4EC6CDCE6E1A}.Debug|Win32.Build.0 = Debug|Win32
		{4F2075BE-8EE6-4031-87E6-4EC6CDCE6E1A}.Release|Win32.ActiveCfg = Release|Win32
		{4F2075BE-8EE6-4031-87E6-4EC6CDCE6E1A}.Release|Win32.Build.0 = Release|Win32
	EndGlobalSection
	GlobalSection(SolutionProperties) = preSolution
		HideSolutionNode = FALSE
	EndGlobalSection
EndGlobal
